
Microsoft Visual Studio Solution File, Format Version 12.00
# Visual Studio Version 17
VisualStudioVersion = 17.8.34525.116
MinimumVisualStudioVersion = 10.0.40219.1
Project("{FAE04EC0-301F-11D3-BF4B-00C04F79EFBC}") = "Workaround", "Workaround\Workaround.csproj", "{14083BA6-883D-473D-A8B5-C74293828439}"
EndProject
Project("{FAE04EC0-301F-11D3-BF4B-00C04F79EFBC}") = "Entities", "Entities\Entities.csproj", "{2BE859D7-9F05-46FB-8654-EBD82D1BDA8D}"
EndProject
Project("{FAE04EC0-301F-11D3-BF4B-00C04F79EFBC}") = "Business", "Business\Business.csproj", "{D682E4FE-B3C1-4448-9E85-26CAAC9C0262}"
EndProject
Global
	GlobalSection(SolutionConfigurationPlatforms) = preSolution
		Debug|Any CPU = Debug|Any CPU
		Release|Any CPU = Release|Any CPU
	EndGlobalSection
	GlobalSection(ProjectConfigurationPlatforms) = postSolution
		{14083BA6-883D-473D-A8B5-C74293828439}.Debug|Any CPU.ActiveCfg = Debug|Any CPU
		{14083BA6-883D-473D-A8B5-C74293828439}.Debug|Any CPU.Build.0 = Debug|Any CPU
		{14083BA6-883D-473D-A8B5-C74293828439}.Release|Any CPU.ActiveCfg = Release|Any CPU
		{14083BA6-883D-473D-A8B5-C74293828439}.Release|Any CPU.Build.0 = Release|Any CPU
		{2BE859D7-9F05-46FB-8654-EBD82D1BDA8D}.Debug|Any CPU.ActiveCfg = Debug|Any CPU
		{2BE859D7-9F05-46FB-8654-EBD82D1BDA8D}.Debug|Any CPU.Build.0 = Debug|Any CPU
		{2BE859D7-9F05-46FB-8654-EBD82D1BDA8D}.Release|Any CPU.ActiveCfg = Release|Any CPU
		{2BE859D7-9F05-46FB-8654-EBD82D1BDA8D}.Release|Any CPU.Build.0 = Release|Any CPU
		{D682E4FE-B3C1-4448-9E85-26CAAC9C0262}.Debug|Any CPU.ActiveCfg = Debug|Any CPU
		{D682E4FE-B3C1-4448-9E85-26CAAC9C0262}.Debug|Any CPU.Build.0 = Debug|Any CPU
		{D682E4FE-B3C1-4448-9E85-26CAAC9C0262}.Release|Any CPU.ActiveCfg = Release|Any CPU
		{D682E4FE-B3C1-4448-9E85-26CAAC9C0262}.Release|Any CPU.Build.0 = Release|Any CPU
	EndGlobalSection
	GlobalSection(SolutionProperties) = preSolution
		HideSolutionNode = FALSE
	EndGlobalSection
	GlobalSection(ExtensibilityGlobals) = postSolution
		SolutionGuid = {A8F4868C-1E39-4747-9036-207C94367A71}
	EndGlobalSection
EndGlobal
